
Microsoft Visual Studio Solution File, Format Version 12.00
# Visual Studio Version 17
VisualStudioVersion = 17.0.32014.148
MinimumVisualStudioVersion = 10.0.40219.1
Project("{9A19103F-16F7-4668-BE54-9A1E7A4F7556}") = "MediaRenamer", "MediaRenamer.csproj", "{0332DC10-5202-4D25-BD76-E4DA83B1F6F4}"
EndProject
Global
	GlobalSection(SolutionConfigurationPlatforms) = preSolution
		Debug|Any CPU = Debug|Any CPU
		Release|Any CPU = Release|Any CPU
	EndGlobalSection
	GlobalSection(ProjectConfigurationPlatforms) = postSolution
		{0332DC10-5202-4D25-BD76-E4DA83B1F6F4}.Debug|Any CPU.ActiveCfg = Debug|Any CPU
		{0332DC10-5202-4D25-BD76-E4DA83B1F6F4}.Debug|Any CPU.Build.0 = Debug|Any CPU
		{0332DC10-5202-4D25-BD76-E4DA83B1F6F4}.Release|Any CPU.ActiveCfg = Release|Any CPU
		{0332DC10-5202-4D25-BD76-E4DA83B1F6F4}.Release|Any CPU.Build.0 = Release|Any CPU
		{0332DC10-5202-4D25-BD76-E4DA83B1F6F4}.Release|Any CPU.Deploy.0 = Release|Any CPU
	EndGlobalSection
	GlobalSection(SolutionProperties) = preSolution
		HideSolutionNode = FALSE
	EndGlobalSection
	GlobalSection(ExtensibilityGlobals) = postSolution
		SolutionGuid = {80E5EE36-F956-443F-AA7E-26D83AA8D4FC}
	EndGlobalSection
EndGlobal
